
Microsoft Visual Studio Solution File, Format Version 12.00
# Visual Studio 15
VisualStudioVersion = 15.0.27130.2027
MinimumVisualStudioVersion = 10.0.40219.1
Project("{FAE04EC0-301F-11D3-BF4B-00C04F79EFBC}") = "TipCalculator.Android", "TipCalculator\TipCalculator.Android\TipCalculator.Android.csproj", "{BCAE0246-2C87-4799-9C4D-4975DAF04ADB}"
EndProject
Project("{D954291E-2A0B-460D-934E-DC6B0785DB48}") = "TipCalculator", "TipCalculator\TipCalculator\TipCalculator.shproj", "{842A9C00-2C53-40BF-8AE3-B12E1D9DF9CF}"
EndProject
Global
	GlobalSection(SharedMSBuildProjectFiles) = preSolution
		TipCalculator\TipCalculator\TipCalculator.projitems*{842a9c00-2c53-40bf-8ae3-b12e1d9df9cf}*SharedItemsImports = 13
		TipCalculator\TipCalculator\TipCalculator.projitems*{bcae0246-2c87-4799-9c4d-4975daf04adb}*SharedItemsImports = 4
	EndGlobalSection
	GlobalSection(SolutionConfigurationPlatforms) = preSolution
		Debug|Any CPU = Debug|Any CPU
		Release|Any CPU = Release|Any CPU
	EndGlobalSection
	GlobalSection(ProjectConfigurationPlatforms) = postSolution
		{BCAE0246-2C87-4799-9C4D-4975DAF04ADB}.Debug|Any CPU.ActiveCfg = Debug|Any CPU
		{BCAE0246-2C87-4799-9C4D-4975DAF04ADB}.Debug|Any CPU.Build.0 = Debug|Any CPU
		{BCAE0246-2C87-4799-9C4D-4975DAF04ADB}.Debug|Any CPU.Deploy.0 = Debug|Any CPU
		{BCAE0246-2C87-4799-9C4D-4975DAF04ADB}.Release|Any CPU.ActiveCfg = Release|Any CPU
		{BCAE0246-2C87-4799-9C4D-4975DAF04ADB}.Release|Any CPU.Build.0 = Release|Any CPU
		{BCAE0246-2C87-4799-9C4D-4975DAF04ADB}.Release|Any CPU.Deploy.0 = Release|Any CPU
	EndGlobalSection
	GlobalSection(SolutionProperties) = preSolution
		HideSolutionNode = FALSE
	EndGlobalSection
	GlobalSection(ExtensibilityGlobals) = postSolution
		SolutionGuid = {398AE62E-EF45-46EE-ABBF-735F38ED6C30}
	EndGlobalSection
EndGlobal
